
Microsoft Visual Studio Solution File, Format Version 12.00
# Visual Studio Version 17
VisualStudioVersion = 17.3.32922.545
MinimumVisualStudioVersion = 10.0.40219.1
Project("{9A19103F-16F7-4668-BE54-9A1E7A4F7556}") = "amigos_dev.Web", "amigos_dev\amigos_dev.Web.csproj", "{B87E4A5E-5051-45C7-AD32-0911BEA8031B}"
EndProject
Project("{9A19103F-16F7-4668-BE54-9A1E7A4F7556}") = "amigos_dev.Application", "amigos_dev.Application\amigos_dev.Application.csproj", "{A527A206-2B4B-41AC-8693-1CC9D368A00A}"
EndProject
Project("{9A19103F-16F7-4668-BE54-9A1E7A4F7556}") = "amigos_dev.Domain", "amigos_dev.Domain\amigos_dev.Domain.csproj", "{50B8FB15-4F6A-4585-B4CA-7A95E72DE7A3}"
EndProject
Project("{9A19103F-16F7-4668-BE54-9A1E7A4F7556}") = "amigos_dev.Infrastructure", "amigos_dev.Infrastructure\amigos_dev.Infrastructure.csproj", "{3254CB04-BF5C-4BA5-8AF6-2DB9AB3BB857}"
EndProject
Project("{FAE04EC0-301F-11D3-BF4B-00C04F79EFBC}") = "amigos_dev.API", "amigos_dev.API\amigos_dev.API.csproj", "{D0370622-92D9-4B13-9BA2-B0147740A0E5}"
EndProject
Global
	GlobalSection(SolutionConfigurationPlatforms) = preSolution
		Debug|Any CPU = Debug|Any CPU
		Release|Any CPU = Release|Any CPU
	EndGlobalSection
	GlobalSection(ProjectConfigurationPlatforms) = postSolution
		{B87E4A5E-5051-45C7-AD32-0911BEA8031B}.Debug|Any CPU.ActiveCfg = Debug|Any CPU
		{B87E4A5E-5051-45C7-AD32-0911BEA8031B}.Debug|Any CPU.Build.0 = Debug|Any CPU
		{B87E4A5E-5051-45C7-AD32-0911BEA8031B}.Release|Any CPU.ActiveCfg = Release|Any CPU
		{B87E4A5E-5051-45C7-AD32-0911BEA8031B}.Release|Any CPU.Build.0 = Release|Any CPU
		{A527A206-2B4B-41AC-8693-1CC9D368A00A}.Debug|Any CPU.ActiveCfg = Debug|Any CPU
		{A527A206-2B4B-41AC-8693-1CC9D368A00A}.Debug|Any CPU.Build.0 = Debug|Any CPU
		{A527A206-2B4B-41AC-8693-1CC9D368A00A}.Release|Any CPU.ActiveCfg = Release|Any CPU
		{A527A206-2B4B-41AC-8693-1CC9D368A00A}.Release|Any CPU.Build.0 = Release|Any CPU
		{50B8FB15-4F6A-4585-B4CA-7A95E72DE7A3}.Debug|Any CPU.ActiveCfg = Debug|Any CPU
		{50B8FB15-4F6A-4585-B4CA-7A95E72DE7A3}.Debug|Any CPU.Build.0 = Debug|Any CPU
		{50B8FB15-4F6A-4585-B4CA-7A95E72DE7A3}.Release|Any CPU.ActiveCfg = Release|Any CPU
		{50B8FB15-4F6A-4585-B4CA-7A95E72DE7A3}.Release|Any CPU.Build.0 = Release|Any CPU
		{3254CB04-BF5C-4BA5-8AF6-2DB9AB3BB857}.Debug|Any CPU.ActiveCfg = Debug|Any CPU
		{3254CB04-BF5C-4BA5-8AF6-2DB9AB3BB857}.Debug|Any CPU.Build.0 = Debug|Any CPU
		{3254CB04-BF5C-4BA5-8AF6-2DB9AB3BB857}.Release|Any CPU.ActiveCfg = Release|Any CPU
		{3254CB04-BF5C-4BA5-8AF6-2DB9AB3BB857}.Release|Any CPU.Build.0 = Release|Any CPU
		{D0370622-92D9-4B13-9BA2-B0147740A0E5}.Debug|Any CPU.ActiveCfg = Debug|Any CPU
		{D0370622-92D9-4B13-9BA2-B0147740A0E5}.Debug|Any CPU.Build.0 = Debug|Any CPU
		{D0370622-92D9-4B13-9BA2-B0147740A0E5}.Release|Any CPU.ActiveCfg = Release|Any CPU
		{D0370622-92D9-4B13-9BA2-B0147740A0E5}.Release|Any CPU.Build.0 = Release|Any CPU
	EndGlobalSection
	GlobalSection(SolutionProperties) = preSolution
		HideSolutionNode = FALSE
	EndGlobalSection
	GlobalSection(ExtensibilityGlobals) = postSolution
		SolutionGuid = {343CC944-0BC3-4964-8328-C2A9B6D4B133}
	EndGlobalSection
EndGlobal
